
Microsoft Visual Studio Solution File, Format Version 12.00
# Visual Studio Version 16
VisualStudioVersion = 16.0.31515.178
MinimumVisualStudioVersion = 10.0.40219.1
Project("{FAE04EC0-301F-11D3-BF4B-00C04F79EFBC}") = "Component.Server", "Component\Server\Component.Server.csproj", "{9AE8A05D-51FF-432D-BFB4-8197B0CE1894}"
EndProject
Project("{FAE04EC0-301F-11D3-BF4B-00C04F79EFBC}") = "Component.Client", "Component\Client\Component.Client.csproj", "{4F273AD1-D89F-49E9-B97D-5493052FF5D9}"
EndProject
Project("{FAE04EC0-301F-11D3-BF4B-00C04F79EFBC}") = "Component.Shared", "Component\Shared\Component.Shared.csproj", "{8D893985-2E98-47E2-BF06-02ECFF1D848E}"
EndProject
Global
	GlobalSection(SolutionConfigurationPlatforms) = preSolution
		Debug|Any CPU = Debug|Any CPU
		Release|Any CPU = Release|Any CPU
	EndGlobalSection
	GlobalSection(ProjectConfigurationPlatforms) = postSolution
		{9AE8A05D-51FF-432D-BFB4-8197B0CE1894}.Debug|Any CPU.ActiveCfg = Debug|Any CPU
		{9AE8A05D-51FF-432D-BFB4-8197B0CE1894}.Debug|Any CPU.Build.0 = Debug|Any CPU
		{9AE8A05D-51FF-432D-BFB4-8197B0CE1894}.Release|Any CPU.ActiveCfg = Release|Any CPU
		{9AE8A05D-51FF-432D-BFB4-8197B0CE1894}.Release|Any CPU.Build.0 = Release|Any CPU
		{4F273AD1-D89F-49E9-B97D-5493052FF5D9}.Debug|Any CPU.ActiveCfg = Debug|Any CPU
		{4F273AD1-D89F-49E9-B97D-5493052FF5D9}.Debug|Any CPU.Build.0 = Debug|Any CPU
		{4F273AD1-D89F-49E9-B97D-5493052FF5D9}.Release|Any CPU.ActiveCfg = Release|Any CPU
		{4F273AD1-D89F-49E9-B97D-5493052FF5D9}.Release|Any CPU.Build.0 = Release|Any CPU
		{8D893985-2E98-47E2-BF06-02ECFF1D848E}.Debug|Any CPU.ActiveCfg = Debug|Any CPU
		{8D893985-2E98-47E2-BF06-02ECFF1D848E}.Debug|Any CPU.Build.0 = Debug|Any CPU
		{8D893985-2E98-47E2-BF06-02ECFF1D848E}.Release|Any CPU.ActiveCfg = Release|Any CPU
		{8D893985-2E98-47E2-BF06-02ECFF1D848E}.Release|Any CPU.Build.0 = Release|Any CPU
	EndGlobalSection
	GlobalSection(SolutionProperties) = preSolution
		HideSolutionNode = FALSE
	EndGlobalSection
	GlobalSection(ExtensibilityGlobals) = postSolution
		SolutionGuid = {03B02A08-B33D-490E-8DE6-5C60DF4551F6}
	EndGlobalSection
EndGlobal
